
Microsoft Visual Studio Solution File, Format Version 12.00
# Visual Studio Version 16
VisualStudioVersion = 16.0.31911.196
MinimumVisualStudioVersion = 10.0.40219.1
Project("{FAE04EC0-301F-11D3-BF4B-00C04F79EFBC}") = "SadPencil.Ra2CsfFile", "SadPencil.Ra2CsfFile\SadPencil.Ra2CsfFile.csproj", "{A45BE46B-0D91-4F37-9A15-655F1B384DE1}"
EndProject
Project("{FAE04EC0-301F-11D3-BF4B-00C04F79EFBC}") = "SadPencil.CsfToIni", "SadPencil.CsfToIni\SadPencil.CsfToIni.csproj", "{5C1B3BEB-8623-4B52-ADC4-BFF5A9F52122}"
EndProject
Project("{FAE04EC0-301F-11D3-BF4B-00C04F79EFBC}") = "SadPencil.IniToCsf", "SadPencil.IniToCsf\SadPencil.IniToCsf.csproj", "{B23DA3BF-947F-4A05-B40B-6A02F364712B}"
EndProject
Global
	GlobalSection(SolutionConfigurationPlatforms) = preSolution
		Debug|Any CPU = Debug|Any CPU
		Release|Any CPU = Release|Any CPU
	EndGlobalSection
	GlobalSection(ProjectConfigurationPlatforms) = postSolution
		{A45BE46B-0D91-4F37-9A15-655F1B384DE1}.Debug|Any CPU.ActiveCfg = Debug|Any CPU
		{A45BE46B-0D91-4F37-9A15-655F1B384DE1}.Debug|Any CPU.Build.0 = Debug|Any CPU
		{A45BE46B-0D91-4F37-9A15-655F1B384DE1}.Release|Any CPU.ActiveCfg = Release|Any CPU
		{A45BE46B-0D91-4F37-9A15-655F1B384DE1}.Release|Any CPU.Build.0 = Release|Any CPU
		{5C1B3BEB-8623-4B52-ADC4-BFF5A9F52122}.Debug|Any CPU.ActiveCfg = Debug|Any CPU
		{5C1B3BEB-8623-4B52-ADC4-BFF5A9F52122}.Debug|Any CPU.Build.0 = Debug|Any CPU
		{5C1B3BEB-8623-4B52-ADC4-BFF5A9F52122}.Release|Any CPU.ActiveCfg = Release|Any CPU
		{5C1B3BEB-8623-4B52-ADC4-BFF5A9F52122}.Release|Any CPU.Build.0 = Release|Any CPU
		{B23DA3BF-947F-4A05-B40B-6A02F364712B}.Debug|Any CPU.ActiveCfg = Debug|Any CPU
		{B23DA3BF-947F-4A05-B40B-6A02F364712B}.Debug|Any CPU.Build.0 = Debug|Any CPU
		{B23DA3BF-947F-4A05-B40B-6A02F364712B}.Release|Any CPU.ActiveCfg = Release|Any CPU
		{B23DA3BF-947F-4A05-B40B-6A02F364712B}.Release|Any CPU.Build.0 = Release|Any CPU
	EndGlobalSection
	GlobalSection(SolutionProperties) = preSolution
		HideSolutionNode = FALSE
	EndGlobalSection
	GlobalSection(ExtensibilityGlobals) = postSolution
		SolutionGuid = {F9FF26A2-37D9-4411-A609-752B212B52D4}
	EndGlobalSection
EndGlobal
