
Microsoft Visual Studio Solution File, Format Version 12.00
# Visual Studio Version 17
VisualStudioVersion = 17.0.31919.166
MinimumVisualStudioVersion = 10.0.40219.1
Project("{FAE04EC0-301F-11D3-BF4B-00C04F79EFBC}") = "SadPencil.Ra2CsfFile", "SadPencil.Ra2CsfFile\SadPencil.Ra2CsfFile.csproj", "{B04D5195-3271-475C-8A3C-1BDABC3F9FB1}"
EndProject
Project("{FAE04EC0-301F-11D3-BF4B-00C04F79EFBC}") = "ExampleApp", "ExampleApp\ExampleApp.csproj", "{1A84AAF9-F31F-407A-A3C4-E83CB62DA539}"
EndProject
Global
	GlobalSection(SolutionConfigurationPlatforms) = preSolution
		Debug|Any CPU = Debug|Any CPU
		Release|Any CPU = Release|Any CPU
	EndGlobalSection
	GlobalSection(ProjectConfigurationPlatforms) = postSolution
		{B04D5195-3271-475C-8A3C-1BDABC3F9FB1}.Debug|Any CPU.ActiveCfg = Debug|Any CPU
		{B04D5195-3271-475C-8A3C-1BDABC3F9FB1}.Debug|Any CPU.Build.0 = Debug|Any CPU
		{B04D5195-3271-475C-8A3C-1BDABC3F9FB1}.Release|Any CPU.ActiveCfg = Release|Any CPU
		{B04D5195-3271-475C-8A3C-1BDABC3F9FB1}.Release|Any CPU.Build.0 = Release|Any CPU
		{1A84AAF9-F31F-407A-A3C4-E83CB62DA539}.Debug|Any CPU.ActiveCfg = Debug|Any CPU
		{1A84AAF9-F31F-407A-A3C4-E83CB62DA539}.Debug|Any CPU.Build.0 = Debug|Any CPU
		{1A84AAF9-F31F-407A-A3C4-E83CB62DA539}.Release|Any CPU.ActiveCfg = Release|Any CPU
		{1A84AAF9-F31F-407A-A3C4-E83CB62DA539}.Release|Any CPU.Build.0 = Release|Any CPU
	EndGlobalSection
	GlobalSection(SolutionProperties) = preSolution
		HideSolutionNode = FALSE
	EndGlobalSection
	GlobalSection(ExtensibilityGlobals) = postSolution
		SolutionGuid = {5527F965-D3F6-429F-8E0E-4F7684CB06EB}
	EndGlobalSection
EndGlobal
